<?xml version="1.0" encoding="UTF-8" standalone="yes" ?>
<CodeBlocks_project_file>
	<FileVersion major="1" minor="6" />
	<Project>
		<Option title="accelerator" />
		<Option pch_mode="2" />
		<Option compiler="gcc" />
		<Build>
			<Target title="Debug">
				<Option output="bin/Debug/accelerator" prefix_auto="1" extension_auto="1" />
				<Option object_output="obj/Debug/" />
				<Option type="1" />
				<Option compiler="gcc" />
				<Compiler>
					<Add option="-std=c++11" />
					<Add option="-g" />
					<Add directory="module" />
					<Add directory="manager" />
					<Add directory="parser" />
					<Add directory="ast" />
					<Add directory="collections" />
					<Add directory="context" />
					<Add directory="context/statments" />
					<Add directory="contextstatments" />
					<Add directory="context/expressions" />
					<Add directory="modules" />
				</Compiler>
			</Target>
			<Target title="Release">
				<Option output="bin/Release/accelerator" prefix_auto="1" extension_auto="1" />
				<Option object_output="obj/Release/" />
				<Option type="1" />
				<Option compiler="gcc" />
				<Compiler>
					<Add option="-O2" />
					<Add directory="module" />
					<Add directory="manager" />
					<Add directory="parser" />
					<Add directory="ast" />
					<Add directory="collections" />
					<Add directory="context" />
					<Add directory="context/statments" />
					<Add directory="contextstatments" />
					<Add directory="context/expressions" />
					<Add directory="modules" />
				</Compiler>
				<Linker>
					<Add option="-s" />
				</Linker>
			</Target>
		</Build>
		<Compiler>
			<Add option="-Wall" />
			<Add option="-fexceptions" />
		</Compiler>
		<Unit filename="ast/ast.h" />
		<Unit filename="ast/block.cpp" />
		<Unit filename="ast/block.h" />
		<Unit filename="ast/class.cpp" />
		<Unit filename="ast/class.h" />
		<Unit filename="ast/classobject.cpp" />
		<Unit filename="ast/classobject.h" />
		<Unit filename="ast/classobjectblock.cpp" />
		<Unit filename="ast/classobjectblock.h" />
		<Unit filename="ast/classtype.cpp" />
		<Unit filename="ast/classtype.h" />
		<Unit filename="ast/delegate.cpp" />
		<Unit filename="ast/delegate.h" />
		<Unit filename="ast/enum.cpp" />
		<Unit filename="ast/enum.h" />
		<Unit filename="ast/expression.cpp" />
		<Unit filename="ast/expression.h" />
		<Unit filename="ast/expressions/accessexpression.cpp" />
		<Unit filename="ast/expressions/accessexpression.h" />
		<Unit filename="ast/expressions/arrayexpression.cpp" />
		<Unit filename="ast/expressions/arrayexpression.h" />
		<Unit filename="ast/expressions/assignmentexpression.cpp" />
		<Unit filename="ast/expressions/assignmentexpression.h" />
		<Unit filename="ast/expressions/booleanexpression.cpp" />
		<Unit filename="ast/expressions/booleanexpression.h" />
		<Unit filename="ast/expressions/castexpression.cpp" />
		<Unit filename="ast/expressions/castexpression.h" />
		<Unit filename="ast/expressions/constantexpression.cpp" />
		<Unit filename="ast/expressions/constantexpression.h" />
		<Unit filename="ast/expressions/declareexpression.cpp" />
		<Unit filename="ast/expressions/declareexpression.h" />
		<Unit filename="ast/expressions/invokeexpression.cpp" />
		<Unit filename="ast/expressions/invokeexpression.h" />
		<Unit filename="ast/expressions/newexpression.cpp" />
		<Unit filename="ast/expressions/newexpression.h" />
		<Unit filename="ast/expressions/nifixexpression.cpp" />
		<Unit filename="ast/expressions/nifixexpression.h" />
		<Unit filename="ast/expressions/postfixexpression.cpp" />
		<Unit filename="ast/expressions/postfixexpression.h" />
		<Unit filename="ast/expressions/prefixexpression.cpp" />
		<Unit filename="ast/expressions/prefixexpression.h" />
		<Unit filename="ast/expressiontype.h" />
		<Unit filename="ast/function.cpp" />
		<Unit filename="ast/function.h" />
		<Unit filename="ast/interface.cpp" />
		<Unit filename="ast/interface.h" />
		<Unit filename="ast/literal.cpp" />
		<Unit filename="ast/literal.h" />
		<Unit filename="ast/literaltype.h" />
		<Unit filename="ast/modifier.h" />
		<Unit filename="ast/node.cpp" />
		<Unit filename="ast/node.h" />
		<Unit filename="ast/nodetype.h" />
		<Unit filename="ast/package.cpp" />
		<Unit filename="ast/package.h" />
		<Unit filename="ast/protocoltype.h" />
		<Unit filename="ast/statment.cpp" />
		<Unit filename="ast/statment.h" />
		<Unit filename="ast/statments/blockstatment.cpp" />
		<Unit filename="ast/statments/blockstatment.h" />
		<Unit filename="ast/statments/breakstatment.cpp" />
		<Unit filename="ast/statments/breakstatment.h" />
		<Unit filename="ast/statments/casestatment.cpp" />
		<Unit filename="ast/statments/casestatment.h" />
		<Unit filename="ast/statments/continuestatment.cpp" />
		<Unit filename="ast/statments/continuestatment.h" />
		<Unit filename="ast/statments/declarestatment.cpp" />
		<Unit filename="ast/statments/declarestatment.h" />
		<Unit filename="ast/statments/expressionstatment.cpp" />
		<Unit filename="ast/statments/expressionstatment.h" />
		<Unit filename="ast/statments/forstatment.cpp" />
		<Unit filename="ast/statments/forstatment.h" />
		<Unit filename="ast/statments/ifstatment.cpp" />
		<Unit filename="ast/statments/ifstatment.h" />
		<Unit filename="ast/statments/returnstatment.cpp" />
		<Unit filename="ast/statments/returnstatment.h" />
		<Unit filename="ast/statments/switchstatment.cpp" />
		<Unit filename="ast/statments/switchstatment.h" />
		<Unit filename="ast/statments/whilestatment.cpp" />
		<Unit filename="ast/statments/whilestatment.h" />
		<Unit filename="ast/statmenttype.h" />
		<Unit filename="ast/template.cpp" />
		<Unit filename="ast/template.h" />
		<Unit filename="ast/token.cpp" />
		<Unit filename="ast/token.h" />
		<Unit filename="main.cpp" />
		<Unit filename="modules/block.cpp" />
		<Unit filename="modules/block.h" />
		<Unit filename="modules/class.cpp" />
		<Unit filename="modules/class.h" />
		<Unit filename="modules/classobject.cpp" />
		<Unit filename="modules/classobject.h" />
		<Unit filename="modules/context.cpp" />
		<Unit filename="modules/context.h" />
		<Unit filename="modules/delegate.cpp" />
		<Unit filename="modules/delegate.h" />
		<Unit filename="modules/enum.cpp" />
		<Unit filename="modules/enum.h" />
		<Unit filename="modules/expression.cpp" />
		<Unit filename="modules/expression.h" />
		<Unit filename="modules/function.cpp" />
		<Unit filename="modules/function.h" />
		<Unit filename="modules/instruction.h" />
		<Unit filename="modules/interface.cpp" />
		<Unit filename="modules/interface.h" />
		<Unit filename="modules/module.cpp" />
		<Unit filename="modules/module.h" />
		<Unit filename="modules/package.cpp" />
		<Unit filename="modules/package.h" />
		<Unit filename="modules/template.cpp" />
		<Unit filename="modules/template.h" />
		<Unit filename="parser/lexer.l">
			<Option compile="1" />
		</Unit>
		<Unit filename="parser/parser.y">
			<Option compile="1" />
		</Unit>
		<Unit filename="parser/tokentype.h" />
		<Extensions>
			<envvars />
			<code_completion />
			<debugger />
			<lib_finder disable_auto="1" />
		</Extensions>
	</Project>
</CodeBlocks_project_file>
