<?xml version="1.0" encoding="UTF-8" standalone="yes" ?>
<CodeBlocks_project_file>
	<FileVersion major="1" minor="6" />
	<Project>
		<Option title="accelerator" />
		<Option pch_mode="2" />
		<Option compiler="gcc" />
		<Build>
			<Target title="Debug">
				<Option output="bin/Debug/accelerator" prefix_auto="1" extension_auto="1" />
				<Option object_output="obj/Debug/" />
				<Option type="1" />
				<Option compiler="gcc" />
				<Compiler>
					<Add option="-std=c++11" />
					<Add option="-g" />
					<Add directory="module" />
					<Add directory="manager" />
					<Add directory="parser" />
					<Add directory="ast" />
					<Add directory="collections" />
					<Add directory="context" />
					<Add directory="context/statments" />
					<Add directory="contextstatments" />
					<Add directory="context/expressions" />
					<Add directory="modules" />
					<Add directory="libs/lang" />
					<Add directory="codegen" />
					<Add directory="include" />
					<Add directory="error" />
					<Add directory="log" />
					<Add directory="model" />
					<Add directory="files" />
					<Add directory="meta" />
				</Compiler>
			</Target>
			<Target title="Release">
				<Option output="bin/Release/accelerator" prefix_auto="1" extension_auto="1" />
				<Option object_output="obj/Release/" />
				<Option type="1" />
				<Option compiler="gcc" />
				<Compiler>
					<Add option="-O2" />
					<Add directory="module" />
					<Add directory="manager" />
					<Add directory="parser" />
					<Add directory="ast" />
					<Add directory="collections" />
					<Add directory="context" />
					<Add directory="context/statments" />
					<Add directory="contextstatments" />
					<Add directory="context/expressions" />
					<Add directory="modules" />
					<Add directory="libs/lang" />
					<Add directory="codegen" />
					<Add directory="include" />
					<Add directory="error" />
					<Add directory="log" />
					<Add directory="model" />
					<Add directory="files" />
					<Add directory="meta" />
				</Compiler>
				<Linker>
					<Add option="-s" />
				</Linker>
			</Target>
		</Build>
		<Compiler>
			<Add option="-Wall" />
			<Add option="-fexceptions" />
		</Compiler>
		<Unit filename="error/Error.cpp" />
		<Unit filename="error/Error.h" />
		<Unit filename="error/Tip.cpp" />
		<Unit filename="files/FileHeader.cpp" />
		<Unit filename="files/FileHeader.h" />
		<Unit filename="files/FilePrinter.cpp" />
		<Unit filename="files/FilePrinter.h" />
		<Unit filename="files/ObjectFile.cpp" />
		<Unit filename="files/ObjectFile.h" />
		<Unit filename="files/PackageFile.cpp" />
		<Unit filename="files/PackageFile.h" />
		<Unit filename="files/Version.cpp" />
		<Unit filename="files/Version.h" />
		<Unit filename="include/Tip.h" />
		<Unit filename="libs/lang/class.cpp" />
		<Unit filename="libs/lang/class.h" />
		<Unit filename="log/Log.cpp" />
		<Unit filename="log/Log.h" />
		<Unit filename="log/Logger.cpp" />
		<Unit filename="log/Logger.h" />
		<Unit filename="main.cpp" />
		<Unit filename="meta/Meta.cpp" />
		<Unit filename="meta/Meta.h" />
		<Unit filename="meta/MetaBlock.cpp" />
		<Unit filename="meta/MetaBlock.h" />
		<Unit filename="meta/MetaLine.cpp" />
		<Unit filename="meta/MetaLine.h" />
		<Unit filename="model/AstInstructions.h" />
		<Unit filename="model/Attribute.h" />
		<Unit filename="model/Block.cpp" />
		<Unit filename="model/Block.h" />
		<Unit filename="model/Builder.cpp" />
		<Unit filename="model/Builder.h" />
		<Unit filename="model/Context.cpp" />
		<Unit filename="model/Context.h" />
		<Unit filename="model/Instruction.cpp" />
		<Unit filename="model/Instruction.h" />
		<Unit filename="model/LowInstruction.h" />
		<Unit filename="model/Module.cpp" />
		<Unit filename="model/Module.h" />
		<Unit filename="model/Protocol.h" />
		<Unit filename="model/Type.cpp" />
		<Unit filename="model/Type.h" />
		<Unit filename="model/Value.cpp" />
		<Unit filename="model/Value.h" />
		<Unit filename="modules/class.cpp" />
		<Unit filename="modules/class.h" />
		<Unit filename="modules/common.h" />
		<Unit filename="modules/delegate.cpp" />
		<Unit filename="modules/delegate.h" />
		<Unit filename="modules/enum.cpp" />
		<Unit filename="modules/enum.h" />
		<Unit filename="modules/function.cpp" />
		<Unit filename="modules/function.h" />
		<Unit filename="modules/interface.cpp" />
		<Unit filename="modules/interface.h" />
		<Unit filename="modules/moduletype.h" />
		<Unit filename="modules/package.cpp" />
		<Unit filename="modules/package.h" />
		<Unit filename="modules/template.cpp" />
		<Unit filename="modules/template.h" />
		<Unit filename="modules/token.cpp" />
		<Unit filename="modules/token.h" />
		<Unit filename="parser/lexer.l">
			<Option compile="1" />
		</Unit>
		<Unit filename="parser/parser.y">
			<Option compile="1" />
		</Unit>
		<Unit filename="parser/tokentype.h" />
		<Extensions>
			<envvars />
			<code_completion />
			<debugger />
			<lib_finder disable_auto="1" />
		</Extensions>
	</Project>
</CodeBlocks_project_file>
